# This file is automatically @generated by Cargo.
# It is not intended for manual editing.
version = 3

[[package]]
name = "aho-corasick"
version = "0.7.18"
source = "registry+https://github.com/rust-lang/crates.io-index"
checksum = "1e37cfd5e7657ada45f742d6e99ca5788580b5c529dc78faf11ece6dc702656f"
dependencies = [
 "memchr",
]

[[package]]
name = "bitflags"
version = "0.1.1"
source = "registry+https://github.com/rust-lang/crates.io-index"
checksum = "2a6577517ecd0ee0934f48a7295a89aaef3e6dfafeac404f94c0b3448518ddfe"

[[package]]
name = "bodyparser"
version = "0.0.6"
source = "registry+https://github.com/rust-lang/crates.io-index"
checksum = "78c280275d396472fb2f4f4bbeb88a7fa9dc45403e9b290e2a5cbf12a1354c47"
dependencies = [
 "iron",
 "persistent",
 "plugin",
 "rustc-serialize",
]

[[package]]
name = "conduit-mime-types"
version = "0.7.3"
source = "registry+https://github.com/rust-lang/crates.io-index"
checksum = "95ca30253581af809925ef68c2641cc140d6183f43e12e0af4992d53768bd7b8"
dependencies = [
 "rustc-serialize",
]

[[package]]
name = "cookie"
version = "0.1.21"
source = "registry+https://github.com/rust-lang/crates.io-index"
checksum = "02443c47d5c80f9b4be9b8f51c0bf307d663fe28b18ccabef44d8b0a4b2a967b"
dependencies = [
 "openssl",
 "rustc-serialize",
 "time",
 "url",
]

[[package]]
name = "error"
version = "0.1.7"
source = "registry+https://github.com/rust-lang/crates.io-index"
checksum = "aa18f32e8cb5262901fe4fd9ea0d44607b029605a6e0a84bcdf97e70539c7b4a"
dependencies = [
 "traitobject 0.0.3",
 "typeable",
]

[[package]]
name = "fsevent-sys"
version = "0.1.3"
source = "registry+https://github.com/rust-lang/crates.io-index"
checksum = "5a63484074edeeface89fb330eae86bd987548e38bd4c8cbd782f0e475ac6be9"
dependencies = [
 "libc",
]

[[package]]
name = "gcc"
version = "0.3.8"
source = "registry+https://github.com/rust-lang/crates.io-index"
checksum = "a513778819ab90cf253c6a60a28925e8abe5c25752719adc3a3ecc8561664c8c"

[[package]]
name = "handlebars"
version = "0.8.0"
source = "registry+https://github.com/rust-lang/crates.io-index"
checksum = "b1b22633400d9ff31019f2b701cd6f7bf6b38f6215512c36a418733238fffe07"
dependencies = [
 "log",
 "num",
 "regex",
 "rustc-serialize",
]

[[package]]
name = "handlebars-iron"
version = "0.7.0"
source = "registry+https://github.com/rust-lang/crates.io-index"
checksum = "79e2db2a023a89ab2719d4a54f77ddd310727380727ea05b22ed9940b8824ad5"
dependencies = [
 "handlebars",
 "iron",
 "notify",
 "plugin",
 "rustc-serialize",
 "walker",
]

[[package]]
name = "httparse"
version = "0.1.4"
source = "registry+https://github.com/rust-lang/crates.io-index"
checksum = "2ca577779f5ffe2dfe5f519b86065d802fe9dddbd6e6c59fd0ab7b7527ca669c"

[[package]]
name = "hyper"
version = "0.5.2"
source = "registry+https://github.com/rust-lang/crates.io-index"
checksum = "44d3d19d6fddca5bb908da9f10e905b27045ba359bbd7372b2949202be246b79"
dependencies = [
 "cookie",
 "httparse",
 "log",
 "mime",
 "num_cpus",
 "openssl",
 "rustc-serialize",
 "time",
 "traitobject 0.0.1",
 "typeable",
 "unicase",
 "url",
]

[[package]]
name = "inotify"
version = "0.1.12"
source = "registry+https://github.com/rust-lang/crates.io-index"
checksum = "97f24cabe84c981a9a10dc19b0030020d683a93c55240c2ba220e149d68fd8ee"
dependencies = [
 "libc",
]

[[package]]
name = "iron"
version = "0.1.18"
source = "registry+https://github.com/rust-lang/crates.io-index"
checksum = "cef5678e63aff37b94330890e7b1903f778f3d0952c8b2b5fdfb0526f44349ea"
dependencies = [
 "conduit-mime-types",
 "error",
 "hyper",
 "lazy_static",
 "log",
 "modifier",
 "num_cpus",
 "plugin",
 "typemap",
 "url",
]

[[package]]
name = "lazy_static"
version = "0.1.11"
source = "registry+https://github.com/rust-lang/crates.io-index"
checksum = "e28c1b44cbc32bd37553b2c1b2d3f744ffadb6ce26381c9018492364ecb525d0"

[[package]]
name = "libc"
version = "0.1.8"
source = "registry+https://github.com/rust-lang/crates.io-index"
checksum = "a64b9ad3eea69f6f43b87c07c0534505a68c8834ad4c6bad4089de15e45cec83"

[[package]]
name = "libressl-pnacl-sys"
version = "2.1.5"
source = "registry+https://github.com/rust-lang/crates.io-index"
checksum = "aebb4b32c6b607f737d921dde41712e00905a77f5968b5471466534e34ab447c"
dependencies = [
 "pnacl-build-helper",
]

[[package]]
name = "log"
version = "0.3.1"
source = "registry+https://github.com/rust-lang/crates.io-index"
checksum = "d2ee3324e161fe61168b08bcd096f1e023d14f0777a076ba14d1825ea3b99d40"
dependencies = [
 "libc",
]

[[package]]
name = "matches"
version = "0.1.2"
source = "registry+https://github.com/rust-lang/crates.io-index"
checksum = "15305656809ce5a4805b1ff2946892810992197ce1270ff79baded852187942e"

[[package]]
name = "memchr"
version = "2.5.0"
source = "registry+https://github.com/rust-lang/crates.io-index"
checksum = "2dffe52ecf27772e601905b7522cb4ef790d2cc203488bbd0e2fe85fcb74566d"

[[package]]
name = "mime"
version = "0.0.11"
source = "registry+https://github.com/rust-lang/crates.io-index"
checksum = "75a557e11da601c142fff546afa8fb97e812fa3180bb2540bbd1e57893867fe1"
dependencies = [
 "log",
]

[[package]]
name = "modifier"
version = "0.1.0"
source = "registry+https://github.com/rust-lang/crates.io-index"
checksum = "41f5c9112cb662acd3b204077e0de5bc66305fa8df65c8019d5adb10e9ab6e58"

[[package]]
name = "mount"
version = "0.0.7"
source = "registry+https://github.com/rust-lang/crates.io-index"
checksum = "d22dc6a316c1cddd6705c3dfe3944aa6144a7237ccf8bf17554666c7899f953f"
dependencies = [
 "iron",
 "sequence_trie",
 "url",
]

[[package]]
name = "notify"
version = "2.0.0"
source = "registry+https://github.com/rust-lang/crates.io-index"
checksum = "2f528e083bcead419850f596183935de2de43d0edbfdef1bfbc7bda3ec683382"
dependencies = [
 "bitflags",
 "fsevent-sys",
 "inotify",
 "libc",
 "log",
 "time",
 "walker",
]

[[package]]
name = "num"
version = "0.1.25"
source = "registry+https://github.com/rust-lang/crates.io-index"
checksum = "61a000320feac287d2e21f4a74df8c7007ac3bda05ab4b87e7d4e45d8c9b1429"
dependencies = [
 "rand",
 "rustc-serialize",
]

[[package]]
name = "num_cpus"
version = "0.2.6"
source = "registry+https://github.com/rust-lang/crates.io-index"
checksum = "aed7a0c6b051811d1b6c6d36a77f5820d2b520c8e832ea47cb0754f90d340e31"
dependencies = [
 "libc",
]

[[package]]
name = "openssl"
version = "0.6.2"
source = "registry+https://github.com/rust-lang/crates.io-index"
checksum = "3eb9177f6e48ea06acfa25820e063c5c14a22d00aa1036843b9a8afd76d13209"
dependencies = [
 "bitflags",
 "lazy_static",
 "libc",
 "openssl-sys",
]

[[package]]
name = "openssl-sys"
version = "0.6.2"
source = "registry+https://github.com/rust-lang/crates.io-index"
checksum = "c71176e711c8cac71c002e12f239849b190d96e491dfb88b79cef21725120de2"
dependencies = [
 "gcc",
 "libc",
 "libressl-pnacl-sys",
 "pkg-config",
]

[[package]]
name = "persistent"
version = "0.0.6"
source = "registry+https://github.com/rust-lang/crates.io-index"
checksum = "02967968d2c19c4b6195c7393baaf4515d735acb6717e8fb45b40f8270342838"
dependencies = [
 "iron",
 "plugin",
]

[[package]]
name = "pkg-config"
version = "0.3.4"
source = "registry+https://github.com/rust-lang/crates.io-index"
checksum = "0b9f5685d8083d3955a9b8c97670d6bd8aa7d54877c778a1ca3afed54987b485"

[[package]]
name = "plugin"
version = "0.2.6"
source = "registry+https://github.com/rust-lang/crates.io-index"
checksum = "1a6a0dc3910bc8db877ffed8e457763b317cf880df4ae19109b9f77d277cf6e0"
dependencies = [
 "typemap",
]

[[package]]
name = "pnacl-build-helper"
version = "1.4.0"
source = "registry+https://github.com/rust-lang/crates.io-index"
checksum = "5091115a532f2f9c036e178b9f800de59208a666896947650bed9026e754e1da"
dependencies = [
 "tempdir",
]

[[package]]
name = "rand"
version = "0.3.8"
source = "registry+https://github.com/rust-lang/crates.io-index"
checksum = "b674087a811e0f96133764b93f2f95ab843c0ade512ca52fd5df732c93d4c596"
dependencies = [
 "libc",
]

[[package]]
name = "regex"
version = "1.5.6"
source = "registry+https://github.com/rust-lang/crates.io-index"
checksum = "d83f127d94bdbcda4c8cc2e50f6f84f4b611f69c902699ca385a39c3a75f9ff1"
dependencies = [
 "aho-corasick",
 "memchr",
 "regex-syntax",
]

[[package]]
name = "regex-syntax"
version = "0.6.26"
source = "registry+https://github.com/rust-lang/crates.io-index"
checksum = "49b3de9ec5dc0a3417da371aab17d729997c15010e7fd24ff707773a33bddb64"

[[package]]
name = "route-recognizer"
version = "0.1.11"
source = "registry+https://github.com/rust-lang/crates.io-index"
checksum = "4f0a750d020adb1978f5964ea7bca830585899b09da7cbb3f04961fc2400122d"

[[package]]
name = "router"
version = "0.0.10"
source = "registry+https://github.com/rust-lang/crates.io-index"
checksum = "c8f3d503583a1088c145c36aaf97e59eaf3ee605d7e5034283871b20c487bd92"
dependencies = [
 "iron",
 "route-recognizer",
]

[[package]]
name = "rust-iron-handlebars"
version = "0.1.0"
dependencies = [
 "handlebars-iron",
 "iron",
 "mount",
 "router",
 "rustc-serialize",
 "sendmail",
 "staticfile",
 "urlencoded",
]

[[package]]
name = "rustc-serialize"
version = "0.3.15"
source = "registry+https://github.com/rust-lang/crates.io-index"
checksum = "baa1d9cc07eb702f9229bc9353443000debfe346d2c53b54c9ee9307234525f2"

[[package]]
name = "sendmail"
version = "2.0.0"
source = "registry+https://github.com/rust-lang/crates.io-index"
checksum = "b534d6dc60c5df66cda0abd5ebaff07e208722bd0188211a03dd5a21812b9e4a"

[[package]]
name = "sequence_trie"
version = "0.0.12"
source = "registry+https://github.com/rust-lang/crates.io-index"
checksum = "b4e8b85aac08907e8618daf1a7b50a58ec6cc0649478fdec208fa207cc0dd5bc"

[[package]]
name = "staticfile"
version = "0.0.3"
source = "registry+https://github.com/rust-lang/crates.io-index"
checksum = "be0083668c443e0b34212097290330523368f557216c97784be775a48c9ba979"
dependencies = [
 "iron",
 "log",
 "mount",
 "router",
 "time",
]

[[package]]
name = "tempdir"
version = "0.3.4"
source = "registry+https://github.com/rust-lang/crates.io-index"
checksum = "0b62933a3f96cd559700662c34f8bab881d9e3540289fb4f368419c7f13a5aa9"
dependencies = [
 "rand",
]

[[package]]
name = "time"
version = "0.1.26"
source = "registry+https://github.com/rust-lang/crates.io-index"
checksum = "1f9b6beb332c0937884a444f14d63872d44b75cc228c387b332dff50fb232e18"
dependencies = [
 "gcc",
 "libc",
]

[[package]]
name = "traitobject"
version = "0.0.1"
source = "registry+https://github.com/rust-lang/crates.io-index"
checksum = "07eaeb7689bb7fca7ce15628319635758eda769fed481ecfe6686ddef2600616"

[[package]]
name = "traitobject"
version = "0.0.3"
source = "registry+https://github.com/rust-lang/crates.io-index"
checksum = "9dc23794ff47c95882da6f9d15de9a6be14987760a28cc0aafb40b7675ef09d8"

[[package]]
name = "typeable"
version = "0.1.2"
source = "registry+https://github.com/rust-lang/crates.io-index"
checksum = "1410f6f91f21d1612654e7cc69193b0334f909dcf2c790c4826254fbb86f8887"

[[package]]
name = "typemap"
version = "0.3.3"
source = "registry+https://github.com/rust-lang/crates.io-index"
checksum = "653be63c80a3296da5551e1bfd2cca35227e13cdd08c6668903ae2f4f77aa1f6"
dependencies = [
 "unsafe-any",
]

[[package]]
name = "unicase"
version = "0.1.0"
source = "registry+https://github.com/rust-lang/crates.io-index"
checksum = "eb36c77a753bc1b3e70d48b356fcdd97a23e6efca007b280dc020dd112018bfb"

[[package]]
name = "unsafe-any"
version = "0.4.1"
source = "registry+https://github.com/rust-lang/crates.io-index"
checksum = "b351086021ebc264aea3ab4f94d61d889d98e5e9ec2d985d993f50133537fd3a"
dependencies = [
 "traitobject 0.0.3",
]

[[package]]
name = "url"
version = "0.2.35"
source = "registry+https://github.com/rust-lang/crates.io-index"
checksum = "792ba7b0a4bb1de8887936321a041947144c8ed163760352413e57c1fe3608a2"
dependencies = [
 "matches",
 "rustc-serialize",
]

[[package]]
name = "urlencoded"
version = "0.2.0"
source = "registry+https://github.com/rust-lang/crates.io-index"
checksum = "18e0d81033da642f5bbbe0e0bfe5db2965277ee1be706b988d0639621e19f88b"
dependencies = [
 "bodyparser",
 "iron",
 "plugin",
 "url",
]

[[package]]
name = "walker"
version = "1.0.0"
source = "registry+https://github.com/rust-lang/crates.io-index"
checksum = "c0488b82b198ac3588ba688f5e56cbd53e0b6dad64f075e67c15647e54aac610"
